// !$*UTF8*$!
{
	archiveVersion = 1;
	classes = {
	};
	objectVersion = 48;
	objects = {

/* Begin PBXBuildFile section */
		9E3661D540BA1C3E4B749E97 /* Pods_covoiturageV1_2.framework in Frameworks */ = {isa = PBXBuildFile; fileRef = E71ADE4D2AFCB17717B0D256 /* Pods_covoiturageV1_2.framework */; };
		B5280E8B21120AD500A0D22A /* SWRevealViewController.m in Sources */ = {isa = PBXBuildFile; fileRef = B5280E8921120AD500A0D22A /* SWRevealViewController.m */; };
		B5280E8E2112100600A0D22A /* FirstVC.swift in Sources */ = {isa = PBXBuildFile; fileRef = B5280E8D2112100600A0D22A /* FirstVC.swift */; };
		B5280E902112102D00A0D22A /* AuthVC.swift in Sources */ = {isa = PBXBuildFile; fileRef = B5280E8F2112102D00A0D22A /* AuthVC.swift */; };
		B5280E922112105300A0D22A /* InscriptionVC.swift in Sources */ = {isa = PBXBuildFile; fileRef = B5280E912112105300A0D22A /* InscriptionVC.swift */; };
		B536C048211DC4B800808318 /* PopupContainer.swift in Sources */ = {isa = PBXBuildFile; fileRef = B536C047211DC4B800808318 /* PopupContainer.swift */; };
		B536C04A211DC4C200808318 /* CalendarPopUp.swift in Sources */ = {isa = PBXBuildFile; fileRef = B536C049211DC4C100808318 /* CalendarPopUp.swift */; };
		B536C04C211DC4C800808318 /* CellView.swift in Sources */ = {isa = PBXBuildFile; fileRef = B536C04B211DC4C800808318 /* CellView.swift */; };
		B536C04E211DC4CD00808318 /* AnimationClass.swift in Sources */ = {isa = PBXBuildFile; fileRef = B536C04D211DC4CD00808318 /* AnimationClass.swift */; };
		B536C050211DC4DB00808318 /* CalendarPopUp.xib in Resources */ = {isa = PBXBuildFile; fileRef = B536C04F211DC4DB00808318 /* CalendarPopUp.xib */; };
		B536C052211DC4E200808318 /* CellView.xib in Resources */ = {isa = PBXBuildFile; fileRef = B536C051211DC4E200808318 /* CellView.xib */; };
		B536C054211DC4EA00808318 /* Extensions.swift in Sources */ = {isa = PBXBuildFile; fileRef = B536C053211DC4EA00808318 /* Extensions.swift */; };
		B560D41E2118A9EB000E0E46 /* FBSDKCoreKit.framework in Frameworks */ = {isa = PBXBuildFile; fileRef = B560D41C2118A9E9000E0E46 /* FBSDKCoreKit.framework */; };
		B560D41F2118A9EB000E0E46 /* FBSDKLoginKit.framework in Frameworks */ = {isa = PBXBuildFile; fileRef = B560D41D2118A9EA000E0E46 /* FBSDKLoginKit.framework */; };
		B560D4212119D033000E0E46 /* GoogleService-Info.plist in Resources */ = {isa = PBXBuildFile; fileRef = B560D4202119D033000E0E46 /* GoogleService-Info.plist */; };
		B560D4242119D292000E0E46 /* DataService.swift in Sources */ = {isa = PBXBuildFile; fileRef = B560D4232119D292000E0E46 /* DataService.swift */; };
		B583E79D2112E92B0077A01F /* AppDelegate.swift in Sources */ = {isa = PBXBuildFile; fileRef = B583E79C2112E92B0077A01F /* AppDelegate.swift */; };
		B583E7A22112E92B0077A01F /* Main.storyboard in Resources */ = {isa = PBXBuildFile; fileRef = B583E7A02112E92B0077A01F /* Main.storyboard */; };
		B583E7A52112E92B0077A01F /* covoiturageV1_2.xcdatamodeld in Sources */ = {isa = PBXBuildFile; fileRef = B583E7A32112E92B0077A01F /* covoiturageV1_2.xcdatamodeld */; };
		B583E7A72112E92C0077A01F /* Assets.xcassets in Resources */ = {isa = PBXBuildFile; fileRef = B583E7A62112E92B0077A01F /* Assets.xcassets */; };
		B583E7AA2112E92C0077A01F /* LaunchScreen.storyboard in Resources */ = {isa = PBXBuildFile; fileRef = B583E7A82112E92C0077A01F /* LaunchScreen.storyboard */; };
		B59996772123216C00406269 /* dropDownView.swift in Sources */ = {isa = PBXBuildFile; fileRef = B59996762123216C00406269 /* dropDownView.swift */; };
		B59996792123218D00406269 /* dropDownBtn.swift in Sources */ = {isa = PBXBuildFile; fileRef = B59996782123218D00406269 /* dropDownBtn.swift */; };
		B599967C212321ED00406269 /* dropDownProtocol.swift in Sources */ = {isa = PBXBuildFile; fileRef = B599967B212321ED00406269 /* dropDownProtocol.swift */; };
		B599967E21241F4700406269 /* PickerService.swift in Sources */ = {isa = PBXBuildFile; fileRef = B599967D21241F4700406269 /* PickerService.swift */; };
		B59996BF212461CD00406269 /* Annonce.swift in Sources */ = {isa = PBXBuildFile; fileRef = B59996BE212461CD00406269 /* Annonce.swift */; };
		B59996C12124ECCC00406269 /* SessionManager.swift in Sources */ = {isa = PBXBuildFile; fileRef = B59996C02124ECCC00406269 /* SessionManager.swift */; };
		B59D7DE32119E5EA009DB04F /* AuthService.swift in Sources */ = {isa = PBXBuildFile; fileRef = B59D7DE22119E5EA009DB04F /* AuthService.swift */; };
		B5B5A99C2112FFC8003E0E75 /* CircuitListVC.swift in Sources */ = {isa = PBXBuildFile; fileRef = B5B5A99B2112FFC8003E0E75 /* CircuitListVC.swift */; };
		B5B5A99E211300EC003E0E75 /* MenuVC.swift in Sources */ = {isa = PBXBuildFile; fileRef = B5B5A99D211300EC003E0E75 /* MenuVC.swift */; };
		B5DFEAF2211857CE0057784C /* MenuView.swift in Sources */ = {isa = PBXBuildFile; fileRef = B5DFEAF1211857CE0057784C /* MenuView.swift */; };
		B5DFEAF5211882FE0057784C /* UIColorExtension.swift in Sources */ = {isa = PBXBuildFile; fileRef = B5DFEAF4211882FE0057784C /* UIColorExtension.swift */; };
		B5DFEAF7211885310057784C /* SearchCircuitVC.swift in Sources */ = {isa = PBXBuildFile; fileRef = B5DFEAF6211885310057784C /* SearchCircuitVC.swift */; };
		B5DFEAFB211886A90057784C /* AddACircuitVC.swift in Sources */ = {isa = PBXBuildFile; fileRef = B5DFEAFA211886A90057784C /* AddACircuitVC.swift */; };
/* End PBXBuildFile section */

/* Begin PBXFileReference section */
		669043AC0F383E10454E6960 /* Pods-covoiturageV1_2.debug.xcconfig */ = {isa = PBXFileReference; includeInIndex = 1; lastKnownFileType = text.xcconfig; name = "Pods-covoiturageV1_2.debug.xcconfig"; path = "Pods/Target Support Files/Pods-covoiturageV1_2/Pods-covoiturageV1_2.debug.xcconfig"; sourceTree = "<group>"; };
		B5280E8821120AD400A0D22A /* covoiturageV1_2-Bridging-Header.h */ = {isa = PBXFileReference; lastKnownFileType = sourcecode.c.h; path = "covoiturageV1_2-Bridging-Header.h"; sourceTree = "<group>"; };
		B5280E8921120AD500A0D22A /* SWRevealViewController.m */ = {isa = PBXFileReference; fileEncoding = 4; lastKnownFileType = sourcecode.c.objc; path = SWRevealViewController.m; sourceTree = "<group>"; };
		B5280E8A21120AD500A0D22A /* SWRevealViewController.h */ = {isa = PBXFileReference; fileEncoding = 4; lastKnownFileType = sourcecode.c.h; path = SWRevealViewController.h; sourceTree = "<group>"; };
		B5280E8D2112100600A0D22A /* FirstVC.swift */ = {isa = PBXFileReference; lastKnownFileType = sourcecode.swift; path = FirstVC.swift; sourceTree = "<group>"; };
		B5280E8F2112102D00A0D22A /* AuthVC.swift */ = {isa = PBXFileReference; lastKnownFileType = sourcecode.swift; path = AuthVC.swift; sourceTree = "<group>"; };
		B5280E912112105300A0D22A /* InscriptionVC.swift */ = {isa = PBXFileReference; lastKnownFileType = sourcecode.swift; path = InscriptionVC.swift; sourceTree = "<group>"; };
		B536C047211DC4B800808318 /* PopupContainer.swift */ = {isa = PBXFileReference; fileEncoding = 4; lastKnownFileType = sourcecode.swift; path = PopupContainer.swift; sourceTree = "<group>"; };
		B536C049211DC4C100808318 /* CalendarPopUp.swift */ = {isa = PBXFileReference; fileEncoding = 4; lastKnownFileType = sourcecode.swift; path = CalendarPopUp.swift; sourceTree = "<group>"; };
		B536C04B211DC4C800808318 /* CellView.swift */ = {isa = PBXFileReference; fileEncoding = 4; lastKnownFileType = sourcecode.swift; path = CellView.swift; sourceTree = "<group>"; };
		B536C04D211DC4CD00808318 /* AnimationClass.swift */ = {isa = PBXFileReference; fileEncoding = 4; lastKnownFileType = sourcecode.swift; path = AnimationClass.swift; sourceTree = "<group>"; };
		B536C04F211DC4DB00808318 /* CalendarPopUp.xib */ = {isa = PBXFileReference; fileEncoding = 4; lastKnownFileType = file.xib; path = CalendarPopUp.xib; sourceTree = "<group>"; };
		B536C051211DC4E200808318 /* CellView.xib */ = {isa = PBXFileReference; fileEncoding = 4; lastKnownFileType = file.xib; path = CellView.xib; sourceTree = "<group>"; };
		B536C053211DC4EA00808318 /* Extensions.swift */ = {isa = PBXFileReference; fileEncoding = 4; lastKnownFileType = sourcecode.swift; path = Extensions.swift; sourceTree = "<group>"; };
		B560D41C2118A9E9000E0E46 /* FBSDKCoreKit.framework */ = {isa = PBXFileReference; lastKnownFileType = wrapper.framework; path = FBSDKCoreKit.framework; sourceTree = "<group>"; };
		B560D41D2118A9EA000E0E46 /* FBSDKLoginKit.framework */ = {isa = PBXFileReference; lastKnownFileType = wrapper.framework; path = FBSDKLoginKit.framework; sourceTree = "<group>"; };
		B560D4202119D033000E0E46 /* GoogleService-Info.plist */ = {isa = PBXFileReference; fileEncoding = 4; lastKnownFileType = text.plist.xml; path = "GoogleService-Info.plist"; sourceTree = "<group>"; };
		B560D4232119D292000E0E46 /* DataService.swift */ = {isa = PBXFileReference; lastKnownFileType = sourcecode.swift; path = DataService.swift; sourceTree = "<group>"; };
		B583E7992112E92B0077A01F /* covoiturageV1_2.app */ = {isa = PBXFileReference; explicitFileType = wrapper.application; includeInIndex = 0; path = covoiturageV1_2.app; sourceTree = BUILT_PRODUCTS_DIR; };
		B583E79C2112E92B0077A01F /* AppDelegate.swift */ = {isa = PBXFileReference; lastKnownFileType = sourcecode.swift; path = AppDelegate.swift; sourceTree = "<group>"; };
		B583E7A12112E92B0077A01F /* Base */ = {isa = PBXFileReference; lastKnownFileType = file.storyboard; name = Base; path = Base.lproj/Main.storyboard; sourceTree = "<group>"; };
		B583E7A42112E92B0077A01F /* covoiturageV1_2.xcdatamodel */ = {isa = PBXFileReference; lastKnownFileType = wrapper.xcdatamodel; path = covoiturageV1_2.xcdatamodel; sourceTree = "<group>"; };
		B583E7A62112E92B0077A01F /* Assets.xcassets */ = {isa = PBXFileReference; lastKnownFileType = folder.assetcatalog; path = Assets.xcassets; sourceTree = "<group>"; };
		B583E7A92112E92C0077A01F /* Base */ = {isa = PBXFileReference; lastKnownFileType = file.storyboard; name = Base; path = Base.lproj/LaunchScreen.storyboard; sourceTree = "<group>"; };
		B583E7AB2112E92C0077A01F /* Info.plist */ = {isa = PBXFileReference; lastKnownFileType = text.plist.xml; path = Info.plist; sourceTree = "<group>"; };
		B59996762123216C00406269 /* dropDownView.swift */ = {isa = PBXFileReference; lastKnownFileType = sourcecode.swift; path = dropDownView.swift; sourceTree = "<group>"; };
		B59996782123218D00406269 /* dropDownBtn.swift */ = {isa = PBXFileReference; lastKnownFileType = sourcecode.swift; path = dropDownBtn.swift; sourceTree = "<group>"; };
		B599967B212321ED00406269 /* dropDownProtocol.swift */ = {isa = PBXFileReference; lastKnownFileType = sourcecode.swift; path = dropDownProtocol.swift; sourceTree = "<group>"; };
		B599967D21241F4700406269 /* PickerService.swift */ = {isa = PBXFileReference; lastKnownFileType = sourcecode.swift; path = PickerService.swift; sourceTree = "<group>"; };
		B59996BE212461CD00406269 /* Annonce.swift */ = {isa = PBXFileReference; lastKnownFileType = sourcecode.swift; path = Annonce.swift; sourceTree = "<group>"; };
		B59996C02124ECCC00406269 /* SessionManager.swift */ = {isa = PBXFileReference; lastKnownFileType = sourcecode.swift; path = SessionManager.swift; sourceTree = "<group>"; };
		B59D7DE22119E5EA009DB04F /* AuthService.swift */ = {isa = PBXFileReference; lastKnownFileType = sourcecode.swift; path = AuthService.swift; sourceTree = "<group>"; };
		B5B5A99B2112FFC8003E0E75 /* CircuitListVC.swift */ = {isa = PBXFileReference; lastKnownFileType = sourcecode.swift; path = CircuitListVC.swift; sourceTree = "<group>"; };
		B5B5A99D211300EC003E0E75 /* MenuVC.swift */ = {isa = PBXFileReference; lastKnownFileType = sourcecode.swift; path = MenuVC.swift; sourceTree = "<group>"; };
		B5DFEAF1211857CE0057784C /* MenuView.swift */ = {isa = PBXFileReference; lastKnownFileType = sourcecode.swift; path = MenuView.swift; sourceTree = "<group>"; };
		B5DFEAF4211882FE0057784C /* UIColorExtension.swift */ = {isa = PBXFileReference; lastKnownFileType = sourcecode.swift; path = UIColorExtension.swift; sourceTree = "<group>"; };
		B5DFEAF6211885310057784C /* SearchCircuitVC.swift */ = {isa = PBXFileReference; lastKnownFileType = sourcecode.swift; path = SearchCircuitVC.swift; sourceTree = "<group>"; };
		B5DFEAFA211886A90057784C /* AddACircuitVC.swift */ = {isa = PBXFileReference; lastKnownFileType = sourcecode.swift; path = AddACircuitVC.swift; sourceTree = "<group>"; };
		CB7EE4E961AC71ACD9135830 /* Pods-covoiturageV1_2.release.xcconfig */ = {isa = PBXFileReference; includeInIndex = 1; lastKnownFileType = text.xcconfig; name = "Pods-covoiturageV1_2.release.xcconfig"; path = "Pods/Target Support Files/Pods-covoiturageV1_2/Pods-covoiturageV1_2.release.xcconfig"; sourceTree = "<group>"; };
		E71ADE4D2AFCB17717B0D256 /* Pods_covoiturageV1_2.framework */ = {isa = PBXFileReference; explicitFileType = wrapper.framework; includeInIndex = 0; path = Pods_covoiturageV1_2.framework; sourceTree = BUILT_PRODUCTS_DIR; };
/* End PBXFileReference section */

/* Begin PBXFrameworksBuildPhase section */
		B583E7962112E92B0077A01F /* Frameworks */ = {
			isa = PBXFrameworksBuildPhase;
			buildActionMask = 2147483647;
			files = (
				9E3661D540BA1C3E4B749E97 /* Pods_covoiturageV1_2.framework in Frameworks */,
				B560D41E2118A9EB000E0E46 /* FBSDKCoreKit.framework in Frameworks */,
				B560D41F2118A9EB000E0E46 /* FBSDKLoginKit.framework in Frameworks */,
			);
			runOnlyForDeploymentPostprocessing = 0;
		};
/* End PBXFrameworksBuildPhase section */

/* Begin PBXGroup section */
		208754CE3B3E3A04309542A8 /* Pods */ = {
			isa = PBXGroup;
			children = (
				669043AC0F383E10454E6960 /* Pods-covoiturageV1_2.debug.xcconfig */,
				CB7EE4E961AC71ACD9135830 /* Pods-covoiturageV1_2.release.xcconfig */,
			);
			name = Pods;
			sourceTree = "<group>";
		};
		36F2C9ECED378DEE29DD2F0B /* Frameworks */ = {
			isa = PBXGroup;
			children = (
				E71ADE4D2AFCB17717B0D256 /* Pods_covoiturageV1_2.framework */,
			);
			name = Frameworks;
			sourceTree = "<group>";
		};
		B5280E8721120A7900A0D22A /* Supporting Files */ = {
			isa = PBXGroup;
			children = (
				B5280E8A21120AD500A0D22A /* SWRevealViewController.h */,
				B5280E8921120AD500A0D22A /* SWRevealViewController.m */,
				B5280E8821120AD400A0D22A /* covoiturageV1_2-Bridging-Header.h */,
			);
			path = "Supporting Files";
			sourceTree = "<group>";
		};
		B5280E8C21120FEE00A0D22A /* Controllers */ = {
			isa = PBXGroup;
			children = (
				B536C046211DC44600808318 /* Calendar */,
				B5280E8D2112100600A0D22A /* FirstVC.swift */,
				B5280E8F2112102D00A0D22A /* AuthVC.swift */,
				B5280E912112105300A0D22A /* InscriptionVC.swift */,
				B5B5A99B2112FFC8003E0E75 /* CircuitListVC.swift */,
				B5B5A99D211300EC003E0E75 /* MenuVC.swift */,
				B5DFEAF6211885310057784C /* SearchCircuitVC.swift */,
				B5DFEAFA211886A90057784C /* AddACircuitVC.swift */,
			);
			path = Controllers;
			sourceTree = "<group>";
		};
		B536C046211DC44600808318 /* Calendar */ = {
			isa = PBXGroup;
			children = (
				B536C053211DC4EA00808318 /* Extensions.swift */,
				B536C051211DC4E200808318 /* CellView.xib */,
				B536C04F211DC4DB00808318 /* CalendarPopUp.xib */,
				B536C04D211DC4CD00808318 /* AnimationClass.swift */,
				B536C04B211DC4C800808318 /* CellView.swift */,
				B536C049211DC4C100808318 /* CalendarPopUp.swift */,
				B536C047211DC4B800808318 /* PopupContainer.swift */,
			);
			name = Calendar;
			path = "New Group";
			sourceTree = "<group>";
		};
		B560D4222119D281000E0E46 /* Services */ = {
			isa = PBXGroup;
			children = (
				B560D4232119D292000E0E46 /* DataService.swift */,
				B59D7DE22119E5EA009DB04F /* AuthService.swift */,
				B599967D21241F4700406269 /* PickerService.swift */,
			);
			path = Services;
			sourceTree = "<group>";
		};
		B583E7902112E92B0077A01F = {
			isa = PBXGroup;
			children = (
				B583E79B2112E92B0077A01F /* covoiturageV1_2 */,
				B583E79A2112E92B0077A01F /* Products */,
				208754CE3B3E3A04309542A8 /* Pods */,
				36F2C9ECED378DEE29DD2F0B /* Frameworks */,
			);
			sourceTree = "<group>";
		};
		B583E79A2112E92B0077A01F /* Products */ = {
			isa = PBXGroup;
			children = (
				B583E7992112E92B0077A01F /* covoiturageV1_2.app */,
			);
			name = Products;
			sourceTree = "<group>";
		};
		B583E79B2112E92B0077A01F /* covoiturageV1_2 */ = {
			isa = PBXGroup;
			children = (
				B599967A212321B900406269 /* Protocol */,
				B5CC62E9211C3902006BC2CC /* Models */,
				B560D4222119D281000E0E46 /* Services */,
				B560D4202119D033000E0E46 /* GoogleService-Info.plist */,
				B5DFEAF3211882E00057784C /* Extensions */,
				B5DFEAF0211857830057784C /* View */,
				B5280E8C21120FEE00A0D22A /* Controllers */,
				B5280E8721120A7900A0D22A /* Supporting Files */,
				B583E79C2112E92B0077A01F /* AppDelegate.swift */,
				B583E7A02112E92B0077A01F /* Main.storyboard */,
				B583E7A62112E92B0077A01F /* Assets.xcassets */,
				B583E7A82112E92C0077A01F /* LaunchScreen.storyboard */,
				B583E7AB2112E92C0077A01F /* Info.plist */,
				B583E7A32112E92B0077A01F /* covoiturageV1_2.xcdatamodeld */,
				B560D41C2118A9E9000E0E46 /* FBSDKCoreKit.framework */,
				B560D41D2118A9EA000E0E46 /* FBSDKLoginKit.framework */,
			);
			path = covoiturageV1_2;
			sourceTree = "<group>";
		};
		B599967A212321B900406269 /* Protocol */ = {
			isa = PBXGroup;
			children = (
				B599967B212321ED00406269 /* dropDownProtocol.swift */,
			);
			path = Protocol;
			sourceTree = "<group>";
		};
		B5CC62E9211C3902006BC2CC /* Models */ = {
			isa = PBXGroup;
			children = (
				B59996BE212461CD00406269 /* Annonce.swift */,
				B59996C02124ECCC00406269 /* SessionManager.swift */,
			);
			path = Models;
			sourceTree = "<group>";
		};
		B5DFEAF0211857830057784C /* View */ = {
			isa = PBXGroup;
			children = (
				B5DFEAF1211857CE0057784C /* MenuView.swift */,
				B59996762123216C00406269 /* dropDownView.swift */,
				B59996782123218D00406269 /* dropDownBtn.swift */,
			);
			path = View;
			sourceTree = "<group>";
		};
		B5DFEAF3211882E00057784C /* Extensions */ = {
			isa = PBXGroup;
			children = (
				B5DFEAF4211882FE0057784C /* UIColorExtension.swift */,
			);
			path = Extensions;
			sourceTree = "<group>";
		};
/* End PBXGroup section */

/* Begin PBXNativeTarget section */
		B583E7982112E92B0077A01F /* covoiturageV1_2 */ = {
			isa = PBXNativeTarget;
			buildConfigurationList = B583E7AE2112E92C0077A01F /* Build configuration list for PBXNativeTarget "covoiturageV1_2" */;
			buildPhases = (
				B5B70A28F1A450BCB0DB39DC /* [CP] Check Pods Manifest.lock */,
				B583E7952112E92B0077A01F /* Sources */,
				B583E7962112E92B0077A01F /* Frameworks */,
				B583E7972112E92B0077A01F /* Resources */,
				172531BB9D72337ADC5E6BE9 /* [CP] Embed Pods Frameworks */,
				F531F6DF0C6FC2C87DD83041 /* [CP] Copy Pods Resources */,
			);
			buildRules = (
			);
			dependencies = (
			);
			name = covoiturageV1_2;
			productName = covoiturageV1_2;
			productReference = B583E7992112E92B0077A01F /* covoiturageV1_2.app */;
			productType = "com.apple.product-type.application";
		};
/* End PBXNativeTarget section */

/* Begin PBXProject section */
		B583E7912112E92B0077A01F /* Project object */ = {
			isa = PBXProject;
			attributes = {
				LastSwiftUpdateCheck = 0920;
				LastUpgradeCheck = 0920;
				ORGANIZATIONNAME = houssem;
				TargetAttributes = {
					B583E7982112E92B0077A01F = {
						CreatedOnToolsVersion = 9.2;
						LastSwiftMigration = 0920;
						ProvisioningStyle = Automatic;
					};
				};
			};
			buildConfigurationList = B583E7942112E92B0077A01F /* Build configuration list for PBXProject "covoiturageV1_2" */;
			compatibilityVersion = "Xcode 8.0";
			developmentRegion = en;
			hasScannedForEncodings = 0;
			knownRegions = (
				en,
				Base,
			);
			mainGroup = B583E7902112E92B0077A01F;
			productRefGroup = B583E79A2112E92B0077A01F /* Products */;
			projectDirPath = "";
			projectRoot = "";
			targets = (
				B583E7982112E92B0077A01F /* covoiturageV1_2 */,
			);
		};
/* End PBXProject section */

/* Begin PBXResourcesBuildPhase section */
		B583E7972112E92B0077A01F /* Resources */ = {
			isa = PBXResourcesBuildPhase;
			buildActionMask = 2147483647;
			files = (
				B583E7AA2112E92C0077A01F /* LaunchScreen.storyboard in Resources */,
				B560D4212119D033000E0E46 /* GoogleService-Info.plist in Resources */,
				B583E7A72112E92C0077A01F /* Assets.xcassets in Resources */,
				B536C050211DC4DB00808318 /* CalendarPopUp.xib in Resources */,
				B536C052211DC4E200808318 /* CellView.xib in Resources */,
				B583E7A22112E92B0077A01F /* Main.storyboard in Resources */,
			);
			runOnlyForDeploymentPostprocessing = 0;
		};
/* End PBXResourcesBuildPhase section */

/* Begin PBXShellScriptBuildPhase section */
		172531BB9D72337ADC5E6BE9 /* [CP] Embed Pods Frameworks */ = {
			isa = PBXShellScriptBuildPhase;
			buildActionMask = 2147483647;
			files = (
			);
			inputPaths = (
				"${SRCROOT}/Pods/Target Support Files/Pods-covoiturageV1_2/Pods-covoiturageV1_2-frameworks.sh",
				"${BUILT_PRODUCTS_DIR}/Alamofire/Alamofire.framework",
				"${BUILT_PRODUCTS_DIR}/Bolts/Bolts.framework",
				"${BUILT_PRODUCTS_DIR}/CVCalendar/CVCalendar.framework",
				"${BUILT_PRODUCTS_DIR}/FBSDKCoreKit/FBSDKCoreKit.framework",
				"${BUILT_PRODUCTS_DIR}/FBSDKLoginKit/FBSDKLoginKit.framework",
				"${BUILT_PRODUCTS_DIR}/FacebookCore/FacebookCore.framework",
				"${BUILT_PRODUCTS_DIR}/FacebookLogin/FacebookLogin.framework",
				"${BUILT_PRODUCTS_DIR}/GTMSessionFetcher/GTMSessionFetcher.framework",
				"${BUILT_PRODUCTS_DIR}/GoogleToolboxForMac/GoogleToolboxForMac.framework",
				"${BUILT_PRODUCTS_DIR}/JTAppleCalendar/JTAppleCalendar.framework",
				"${BUILT_PRODUCTS_DIR}/leveldb-library/leveldb.framework",
				"${BUILT_PRODUCTS_DIR}/nanopb/nanopb.framework",
			);
			name = "[CP] Embed Pods Frameworks";
			outputPaths = (
				"${TARGET_BUILD_DIR}/${FRAMEWORKS_FOLDER_PATH}/Alamofire.framework",
				"${TARGET_BUILD_DIR}/${FRAMEWORKS_FOLDER_PATH}/Bolts.framework",
				"${TARGET_BUILD_DIR}/${FRAMEWORKS_FOLDER_PATH}/CVCalendar.framework",
				"${TARGET_BUILD_DIR}/${FRAMEWORKS_FOLDER_PATH}/FBSDKCoreKit.framework",
				"${TARGET_BUILD_DIR}/${FRAMEWORKS_FOLDER_PATH}/FBSDKLoginKit.framework",
				"${TARGET_BUILD_DIR}/${FRAMEWORKS_FOLDER_PATH}/FacebookCore.framework",
				"${TARGET_BUILD_DIR}/${FRAMEWORKS_FOLDER_PATH}/FacebookLogin.framework",
				"${TARGET_BUILD_DIR}/${FRAMEWORKS_FOLDER_PATH}/GTMSessionFetcher.framework",
				"${TARGET_BUILD_DIR}/${FRAMEWORKS_FOLDER_PATH}/GoogleToolboxForMac.framework",
				"${TARGET_BUILD_DIR}/${FRAMEWORKS_FOLDER_PATH}/JTAppleCalendar.framework",
				"${TARGET_BUILD_DIR}/${FRAMEWORKS_FOLDER_PATH}/leveldb.framework",
				"${TARGET_BUILD_DIR}/${FRAMEWORKS_FOLDER_PATH}/nanopb.framework",
			);
			runOnlyForDeploymentPostprocessing = 0;
			shellPath = /bin/sh;
			shellScript = "\"${SRCROOT}/Pods/Target Support Files/Pods-covoiturageV1_2/Pods-covoiturageV1_2-frameworks.sh\"\n";
			showEnvVarsInLog = 0;
		};
		B5B70A28F1A450BCB0DB39DC /* [CP] Check Pods Manifest.lock */ = {
			isa = PBXShellScriptBuildPhase;
			buildActionMask = 2147483647;
			files = (
			);
			inputPaths = (
				"${PODS_PODFILE_DIR_PATH}/Podfile.lock",
				"${PODS_ROOT}/Manifest.lock",
			);
			name = "[CP] Check Pods Manifest.lock";
			outputPaths = (
				"$(DERIVED_FILE_DIR)/Pods-covoiturageV1_2-checkManifestLockResult.txt",
			);
			runOnlyForDeploymentPostprocessing = 0;
			shellPath = /bin/sh;
			shellScript = "diff \"${PODS_PODFILE_DIR_PATH}/Podfile.lock\" \"${PODS_ROOT}/Manifest.lock\" > /dev/null\nif [ $? != 0 ] ; then\n    # print error to STDERR\n    echo \"error: The sandbox is not in sync with the Podfile.lock. Run 'pod install' or update your CocoaPods installation.\" >&2\n    exit 1\nfi\n# This output is used by Xcode 'outputs' to avoid re-running this script phase.\necho \"SUCCESS\" > \"${SCRIPT_OUTPUT_FILE_0}\"\n";
			showEnvVarsInLog = 0;
		};
		F531F6DF0C6FC2C87DD83041 /* [CP] Copy Pods Resources */ = {
			isa = PBXShellScriptBuildPhase;
			buildActionMask = 2147483647;
			files = (
			);
			inputPaths = (
				"${SRCROOT}/Pods/Target Support Files/Pods-covoiturageV1_2/Pods-covoiturageV1_2-resources.sh",
				"${PODS_ROOT}/GoogleMaps/Maps/Frameworks/GoogleMaps.framework/Resources/GoogleMaps.bundle",
				"${PODS_ROOT}/GooglePlacePicker/Frameworks/GooglePlacePicker.framework/Resources/GooglePlacePicker.bundle",
				"${PODS_ROOT}/GooglePlaces/Frameworks/GooglePlaces.framework/Resources/GooglePlaces.bundle",
			);
			name = "[CP] Copy Pods Resources";
			outputPaths = (
				"${TARGET_BUILD_DIR}/${UNLOCALIZED_RESOURCES_FOLDER_PATH}/GoogleMaps.bundle",
				"${TARGET_BUILD_DIR}/${UNLOCALIZED_RESOURCES_FOLDER_PATH}/GooglePlacePicker.bundle",
				"${TARGET_BUILD_DIR}/${UNLOCALIZED_RESOURCES_FOLDER_PATH}/GooglePlaces.bundle",
			);
			runOnlyForDeploymentPostprocessing = 0;
			shellPath = /bin/sh;
			shellScript = "\"${SRCROOT}/Pods/Target Support Files/Pods-covoiturageV1_2/Pods-covoiturageV1_2-resources.sh\"\n";
			showEnvVarsInLog = 0;
		};
/* End PBXShellScriptBuildPhase section */

/* Begin PBXSourcesBuildPhase section */
		B583E7952112E92B0077A01F /* Sources */ = {
			isa = PBXSourcesBuildPhase;
			buildActionMask = 2147483647;
			files = (
				B59996772123216C00406269 /* dropDownView.swift in Sources */,
				B5DFEAF7211885310057784C /* SearchCircuitVC.swift in Sources */,
				B5280E902112102D00A0D22A /* AuthVC.swift in Sources */,
				B599967C212321ED00406269 /* dropDownProtocol.swift in Sources */,
				B583E7A52112E92B0077A01F /* covoiturageV1_2.xcdatamodeld in Sources */,
				B5280E922112105300A0D22A /* InscriptionVC.swift in Sources */,
				B583E79D2112E92B0077A01F /* AppDelegate.swift in Sources */,
				B5DFEAF2211857CE0057784C /* MenuView.swift in Sources */,
				B536C048211DC4B800808318 /* PopupContainer.swift in Sources */,
				B5B5A99E211300EC003E0E75 /* MenuVC.swift in Sources */,
				B536C04C211DC4C800808318 /* CellView.swift in Sources */,
				B5280E8E2112100600A0D22A /* FirstVC.swift in Sources */,
				B536C04E211DC4CD00808318 /* AnimationClass.swift in Sources */,
				B536C04A211DC4C200808318 /* CalendarPopUp.swift in Sources */,
				B5DFEAFB211886A90057784C /* AddACircuitVC.swift in Sources */,
				B59D7DE32119E5EA009DB04F /* AuthService.swift in Sources */,
				B536C054211DC4EA00808318 /* Extensions.swift in Sources */,
				B5DFEAF5211882FE0057784C /* UIColorExtension.swift in Sources */,
				B59996BF212461CD00406269 /* Annonce.swift in Sources */,
				B560D4242119D292000E0E46 /* DataService.swift in Sources */,
				B5B5A99C2112FFC8003E0E75 /* CircuitListVC.swift in Sources */,
				B599967E21241F4700406269 /* PickerService.swift in Sources */,
				B59996C12124ECCC00406269 /* SessionManager.swift in Sources */,
				B5280E8B21120AD500A0D22A /* SWRevealViewController.m in Sources */,
				B59996792123218D00406269 /* dropDownBtn.swift in Sources */,
			);
			runOnlyForDeploymentPostprocessing = 0;
		};
/* End PBXSourcesBuildPhase section */

/* Begin PBXVariantGroup section */
		B583E7A02112E92B0077A01F /* Main.storyboard */ = {
			isa = PBXVariantGroup;
			children = (
				B583E7A12112E92B0077A01F /* Base */,
			);
			name = Main.storyboard;
			sourceTree = "<group>";
		};
		B583E7A82112E92C0077A01F /* LaunchScreen.storyboard */ = {
			isa = PBXVariantGroup;
			children = (
				B583E7A92112E92C0077A01F /* Base */,
			);
			name = LaunchScreen.storyboard;
			sourceTree = "<group>";
		};
/* End PBXVariantGroup section */

/* Begin XCBuildConfiguration section */
		B583E7AC2112E92C0077A01F /* Debug */ = {
			isa = XCBuildConfiguration;
			buildSettings = {
				ALWAYS_SEARCH_USER_PATHS = NO;
				CLANG_ANALYZER_NONNULL = YES;
				CLANG_ANALYZER_NUMBER_OBJECT_CONVERSION = YES_AGGRESSIVE;
				CLANG_CXX_LANGUAGE_STANDARD = "gnu++14";
				CLANG_CXX_LIBRARY = "libc++";
				CLANG_ENABLE_MODULES = YES;
				CLANG_ENABLE_OBJC_ARC = YES;
				CLANG_WARN_BLOCK_CAPTURE_AUTORELEASING = YES;
				CLANG_WARN_BOOL_CONVERSION = YES;
				CLANG_WARN_COMMA = YES;
				CLANG_WARN_CONSTANT_CONVERSION = YES;
				CLANG_WARN_DIRECT_OBJC_ISA_USAGE = YES_ERROR;
				CLANG_WARN_DOCUMENTATION_COMMENTS = YES;
				CLANG_WARN_EMPTY_BODY = YES;
				CLANG_WARN_ENUM_CONVERSION = YES;
				CLANG_WARN_INFINITE_RECURSION = YES;
				CLANG_WARN_INT_CONVERSION = YES;
				CLANG_WARN_NON_LITERAL_NULL_CONVERSION = YES;
				CLANG_WARN_OBJC_LITERAL_CONVERSION = YES;
				CLANG_WARN_OBJC_ROOT_CLASS = YES_ERROR;
				CLANG_WARN_RANGE_LOOP_ANALYSIS = YES;
				CLANG_WARN_STRICT_PROTOTYPES = YES;
				CLANG_WARN_SUSPICIOUS_MOVE = YES;
				CLANG_WARN_UNGUARDED_AVAILABILITY = YES_AGGRESSIVE;
				CLANG_WARN_UNREACHABLE_CODE = YES;
				CLANG_WARN__DUPLICATE_METHOD_MATCH = YES;
				CODE_SIGN_IDENTITY = "iPhone Developer";
				COPY_PHASE_STRIP = NO;
				DEBUG_INFORMATION_FORMAT = dwarf;
				ENABLE_STRICT_OBJC_MSGSEND = YES;
				ENABLE_TESTABILITY = YES;
				GCC_C_LANGUAGE_STANDARD = gnu11;
				GCC_DYNAMIC_NO_PIC = NO;
				GCC_NO_COMMON_BLOCKS = YES;
				GCC_OPTIMIZATION_LEVEL = 0;
				GCC_PREPROCESSOR_DEFINITIONS = (
					"DEBUG=1",
					"$(inherited)",
				);
				GCC_WARN_64_TO_32_BIT_CONVERSION = YES;
				GCC_WARN_ABOUT_RETURN_TYPE = YES_ERROR;
				GCC_WARN_UNDECLARED_SELECTOR = YES;
				GCC_WARN_UNINITIALIZED_AUTOS = YES_AGGRESSIVE;
				GCC_WARN_UNUSED_FUNCTION = YES;
				GCC_WARN_UNUSED_VARIABLE = YES;
				IPHONEOS_DEPLOYMENT_TARGET = 11.2;
				MTL_ENABLE_DEBUG_INFO = YES;
				ONLY_ACTIVE_ARCH = YES;
				SDKROOT = iphoneos;
				SWIFT_ACTIVE_COMPILATION_CONDITIONS = DEBUG;
				SWIFT_OPTIMIZATION_LEVEL = "-Onone";
			};
			name = Debug;
		};
		B583E7AD2112E92C0077A01F /* Release */ = {
			isa = XCBuildConfiguration;
			buildSettings = {
				ALWAYS_SEARCH_USER_PATHS = NO;
				CLANG_ANALYZER_NONNULL = YES;
				CLANG_ANALYZER_NUMBER_OBJECT_CONVERSION = YES_AGGRESSIVE;
				CLANG_CXX_LANGUAGE_STANDARD = "gnu++14";
				CLANG_CXX_LIBRARY = "libc++";
				CLANG_ENABLE_MODULES = YES;
				CLANG_ENABLE_OBJC_ARC = YES;
				CLANG_WARN_BLOCK_CAPTURE_AUTORELEASING = YES;
				CLANG_WARN_BOOL_CONVERSION = YES;
				CLANG_WARN_COMMA = YES;
				CLANG_WARN_CONSTANT_CONVERSION = YES;
				CLANG_WARN_DIRECT_OBJC_ISA_USAGE = YES_ERROR;
				CLANG_WARN_DOCUMENTATION_COMMENTS = YES;
				CLANG_WARN_EMPTY_BODY = YES;
				CLANG_WARN_ENUM_CONVERSION = YES;
				CLANG_WARN_INFINITE_RECURSION = YES;
				CLANG_WARN_INT_CONVERSION = YES;
				CLANG_WARN_NON_LITERAL_NULL_CONVERSION = YES;
				CLANG_WARN_OBJC_LITERAL_CONVERSION = YES;
				CLANG_WARN_OBJC_ROOT_CLASS = YES_ERROR;
				CLANG_WARN_RANGE_LOOP_ANALYSIS = YES;
				CLANG_WARN_STRICT_PROTOTYPES = YES;
				CLANG_WARN_SUSPICIOUS_MOVE = YES;
				CLANG_WARN_UNGUARDED_AVAILABILITY = YES_AGGRESSIVE;
				CLANG_WARN_UNREACHABLE_CODE = YES;
				CLANG_WARN__DUPLICATE_METHOD_MATCH = YES;
				CODE_SIGN_IDENTITY = "iPhone Developer";
				COPY_PHASE_STRIP = NO;
				DEBUG_INFORMATION_FORMAT = "dwarf-with-dsym";
				ENABLE_NS_ASSERTIONS = NO;
				ENABLE_STRICT_OBJC_MSGSEND = YES;
				GCC_C_LANGUAGE_STANDARD = gnu11;
				GCC_NO_COMMON_BLOCKS = YES;
				GCC_WARN_64_TO_32_BIT_CONVERSION = YES;
				GCC_WARN_ABOUT_RETURN_TYPE = YES_ERROR;
				GCC_WARN_UNDECLARED_SELECTOR = YES;
				GCC_WARN_UNINITIALIZED_AUTOS = YES_AGGRESSIVE;
				GCC_WARN_UNUSED_FUNCTION = YES;
				GCC_WARN_UNUSED_VARIABLE = YES;
				IPHONEOS_DEPLOYMENT_TARGET = 11.2;
				MTL_ENABLE_DEBUG_INFO = NO;
				SDKROOT = iphoneos;
				SWIFT_OPTIMIZATION_LEVEL = "-Owholemodule";
				VALIDATE_PRODUCT = YES;
			};
			name = Release;
		};
		B583E7AF2112E92C0077A01F /* Debug */ = {
			isa = XCBuildConfiguration;
			baseConfigurationReference = 669043AC0F383E10454E6960 /* Pods-covoiturageV1_2.debug.xcconfig */;
			buildSettings = {
				ASSETCATALOG_COMPILER_APPICON_NAME = AppIcon;
				CLANG_ENABLE_MODULES = YES;
				CODE_SIGN_STYLE = Automatic;
				FRAMEWORK_SEARCH_PATHS = (
					"$(inherited)",
					"$(PROJECT_DIR)/covoiturageV1_2",
				);
				INFOPLIST_FILE = covoiturageV1_2/Info.plist;
				LD_RUNPATH_SEARCH_PATHS = "$(inherited) @executable_path/Frameworks";
				PRODUCT_BUNDLE_IDENTIFIER = "com.Revision.covoiturageV1-2";
				PRODUCT_NAME = "$(TARGET_NAME)";
				SWIFT_OBJC_BRIDGING_HEADER = "covoiturageV1_2/Supporting Files/covoiturageV1_2-Bridging-Header.h";
				SWIFT_OPTIMIZATION_LEVEL = "-Onone";
				SWIFT_VERSION = 4.0;
				TARGETED_DEVICE_FAMILY = "1,2";
			};
			name = Debug;
		};
		B583E7B02112E92C0077A01F /* Release */ = {
			isa = XCBuildConfiguration;
			baseConfigurationReference = CB7EE4E961AC71ACD9135830 /* Pods-covoiturageV1_2.release.xcconfig */;
			buildSettings = {
				ASSETCATALOG_COMPILER_APPICON_NAME = AppIcon;
				CLANG_ENABLE_MODULES = YES;
				CODE_SIGN_STYLE = Automatic;
				FRAMEWORK_SEARCH_PATHS = (
					"$(inherited)",
					"$(PROJECT_DIR)/covoiturageV1_2",
				);
				INFOPLIST_FILE = covoiturageV1_2/Info.plist;
				LD_RUNPATH_SEARCH_PATHS = "$(inherited) @executable_path/Frameworks";
				PRODUCT_BUNDLE_IDENTIFIER = "com.Revision.covoiturageV1-2";
				PRODUCT_NAME = "$(TARGET_NAME)";
				SWIFT_OBJC_BRIDGING_HEADER = "covoiturageV1_2/Supporting Files/covoiturageV1_2-Bridging-Header.h";
				SWIFT_VERSION = 4.0;
				TARGETED_DEVICE_FAMILY = "1,2";
			};
			name = Release;
		};
/* End XCBuildConfiguration section */

/* Begin XCConfigurationList section */
		B583E7942112E92B0077A01F /* Build configuration list for PBXProject "covoiturageV1_2" */ = {
			isa = XCConfigurationList;
			buildConfigurations = (
				B583E7AC2112E92C0077A01F /* Debug */,
				B583E7AD2112E92C0077A01F /* Release */,
			);
			defaultConfigurationIsVisible = 0;
			defaultConfigurationName = Release;
		};
		B583E7AE2112E92C0077A01F /* Build configuration list for PBXNativeTarget "covoiturageV1_2" */ = {
			isa = XCConfigurationList;
			buildConfigurations = (
				B583E7AF2112E92C0077A01F /* Debug */,
				B583E7B02112E92C0077A01F /* Release */,
			);
			defaultConfigurationIsVisible = 0;
			defaultConfigurationName = Release;
		};
/* End XCConfigurationList section */

/* Begin XCVersionGroup section */
		B583E7A32112E92B0077A01F /* covoiturageV1_2.xcdatamodeld */ = {
			isa = XCVersionGroup;
			children = (
				B583E7A42112E92B0077A01F /* covoiturageV1_2.xcdatamodel */,
			);
			currentVersion = B583E7A42112E92B0077A01F /* covoiturageV1_2.xcdatamodel */;
			path = covoiturageV1_2.xcdatamodeld;
			sourceTree = "<group>";
			versionGroupType = wrapper.xcdatamodel;
		};
/* End XCVersionGroup section */
	};
	rootObject = B583E7912112E92B0077A01F /* Project object */;
}
